hash: 98e7e8a1c00afed09a4723b707c81eca340c166f06df43ac7a7e24f7a2b1ccfd
updated: 2018-03-16T16:15:40.98135653+01:00
imports:
- name: github.com/blevesearch/bleve
  version: 1a319cdf5bf77dc8cee35a6b99f908792c2547ef
- name: github.com/src-d/go-git
  version: 1d28459504251497e0ce6132a0fadd5eb44ffd22
testImports: []
